# THIS IS AN AUTOGENERATED FILE. DO NOT EDIT THIS FILE DIRECTLY.
# yarn lockfile v1


debug@^2.2:
  version "2.6.8"
  resolved "https://registry.yarnpkg.com/debug/-/debug-2.6.8.tgz#e731531ca2ede27d188222427da17821d68ff4fc"
  dependencies:
    ms "2.0.0"

exif@^0.6.0:
  version "0.6.0"
  resolved "https://registry.yarnpkg.com/exif/-/exif-0.6.0.tgz#60a62668076542cb7e4f57199d4ac6f37d2c5f4a"
  dependencies:
    debug "^2.2"

get-logger@^1.0.0:
  version "1.0.0"
  resolved "https://registry.yarnpkg.com/get-logger/-/get-logger-1.0.0.tgz#9c7823b1c5e15faf2450047f24e51a1299d47374"

makepromise@1.0.0:
  version "1.0.0"
  resolved "https://registry.yarnpkg.com/makepromise/-/makepromise-1.0.0.tgz#bc6bb6a3e06fd706df51c2923b6936fabd70aa7f"

ms@2.0.0:
  version "2.0.0"
  resolved "https://registry.yarnpkg.com/ms/-/ms-2.0.0.tgz#5608aeadfc00be6c2901df5f9861788de0d597c8"

node-exiftool@^2.2.0:
  version "2.2.0"
  resolved "https://registry.yarnpkg.com/node-exiftool/-/node-exiftool-2.2.0.tgz#dc7e0e2b4c6a1fa4a5099b463f54ea2ca65ac19c"
  dependencies:
    restream "1.2.0"
    wrote "0.4.0"

restream@1.2.0:
  version "1.2.0"
  resolved "https://registry.yarnpkg.com/restream/-/restream-1.2.0.tgz#fd13b031a54e80cc65d1878c43149f1b3a40efbb"

wrote@0.4.0:
  version "0.4.0"
  resolved "https://registry.yarnpkg.com/wrote/-/wrote-0.4.0.tgz#03a36e7efa70ee9ea3eb34302383cc038c9faa8c"
  dependencies:
    makepromise "1.0.0"
